// !$*UTF8*$!
{
	archiveVersion = 1;
	classes = {
	};
	objectVersion = 50;
	objects = {

/* Begin PBXBuildFile section */
		144AAD8B259320A200C145D5 /* main.m in Sources */ = {isa = PBXBuildFile; fileRef = 144AAD8A259320A200C145D5 /* main.m */; };
		144AAD952593254300C145D5 /* ParseFile.m in Sources */ = {isa = PBXBuildFile; fileRef = 144AAD942593254300C145D5 /* ParseFile.m */; };
		144AAD9A259327A800C145D5 /* NSString+Replacing.m in Sources */ = {isa = PBXBuildFile; fileRef = 144AAD99259327A800C145D5 /* NSString+Replacing.m */; };
		144AAD9F25932F7C00C145D5 /* Transform.m in Sources */ = {isa = PBXBuildFile; fileRef = 144AAD9E25932F7C00C145D5 /* Transform.m */; };
		144AADA32593376D00C145D5 /* NSArray+StringFunctions.m in Sources */ = {isa = PBXBuildFile; fileRef = 144AADA22593376D00C145D5 /* NSArray+StringFunctions.m */; };
/* End PBXBuildFile section */

/* Begin PBXCopyFilesBuildPhase section */
		144AAD85259320A200C145D5 /* CopyFiles */ = {
			isa = PBXCopyFilesBuildPhase;
			buildActionMask = 2147483647;
			dstPath = /usr/share/man/man1/;
			dstSubfolderSpec = 0;
			files = (
			);
			runOnlyForDeploymentPostprocessing = 1;
		};
/* End PBXCopyFilesBuildPhase section */

/* Begin PBXFileReference section */
		144AAD87259320A200C145D5 /* extract-api */ = {isa = PBXFileReference; explicitFileType = "compiled.mach-o.executable"; includeInIndex = 0; path = "extract-api"; sourceTree = BUILT_PRODUCTS_DIR; };
		144AAD8A259320A200C145D5 /* main.m */ = {isa = PBXFileReference; lastKnownFileType = sourcecode.c.objc; path = main.m; sourceTree = "<group>"; };
		144AAD932593254300C145D5 /* ParseFile.h */ = {isa = PBXFileReference; lastKnownFileType = sourcecode.c.h; path = ParseFile.h; sourceTree = "<group>"; };
		144AAD942593254300C145D5 /* ParseFile.m */ = {isa = PBXFileReference; lastKnownFileType = sourcecode.c.objc; path = ParseFile.m; sourceTree = "<group>"; };
		144AAD98259327A800C145D5 /* NSString+Replacing.h */ = {isa = PBXFileReference; lastKnownFileType = sourcecode.c.h; path = "NSString+Replacing.h"; sourceTree = "<group>"; };
		144AAD99259327A800C145D5 /* NSString+Replacing.m */ = {isa = PBXFileReference; lastKnownFileType = sourcecode.c.objc; path = "NSString+Replacing.m"; sourceTree = "<group>"; };
		144AAD9D25932F7C00C145D5 /* Transform.h */ = {isa = PBXFileReference; lastKnownFileType = sourcecode.c.h; path = Transform.h; sourceTree = "<group>"; };
		144AAD9E25932F7C00C145D5 /* Transform.m */ = {isa = PBXFileReference; lastKnownFileType = sourcecode.c.objc; path = Transform.m; sourceTree = "<group>"; };
		144AADA12593376D00C145D5 /* NSArray+StringFunctions.h */ = {isa = PBXFileReference; lastKnownFileType = sourcecode.c.h; path = "NSArray+StringFunctions.h"; sourceTree = "<group>"; };
		144AADA22593376D00C145D5 /* NSArray+StringFunctions.m */ = {isa = PBXFileReference; lastKnownFileType = sourcecode.c.objc; path = "NSArray+StringFunctions.m"; sourceTree = "<group>"; };
/* End PBXFileReference section */

/* Begin PBXFrameworksBuildPhase section */
		144AAD84259320A200C145D5 /* Frameworks */ = {
			isa = PBXFrameworksBuildPhase;
			buildActionMask = 2147483647;
			files = (
			);
			runOnlyForDeploymentPostprocessing = 0;
		};
/* End PBXFrameworksBuildPhase section */

/* Begin PBXGroup section */
		144AAD7E259320A200C145D5 = {
			isa = PBXGroup;
			children = (
				144AAD89259320A200C145D5 /* extract-api */,
				144AAD88259320A200C145D5 /* Products */,
			);
			sourceTree = "<group>";
		};
		144AAD88259320A200C145D5 /* Products */ = {
			isa = PBXGroup;
			children = (
				144AAD87259320A200C145D5 /* extract-api */,
			);
			name = Products;
			sourceTree = "<group>";
		};
		144AAD89259320A200C145D5 /* extract-api */ = {
			isa = PBXGroup;
			children = (
				144AAD972593278200C145D5 /* Category */,
				144AAD922593252D00C145D5 /* Classes */,
				144AAD8A259320A200C145D5 /* main.m */,
			);
			path = "extract-api";
			sourceTree = "<group>";
		};
		144AAD922593252D00C145D5 /* Classes */ = {
			isa = PBXGroup;
			children = (
				144AAD932593254300C145D5 /* ParseFile.h */,
				144AAD942593254300C145D5 /* ParseFile.m */,
				144AAD9D25932F7C00C145D5 /* Transform.h */,
				144AAD9E25932F7C00C145D5 /* Transform.m */,
			);
			path = Classes;
			sourceTree = "<group>";
		};
		144AAD972593278200C145D5 /* Category */ = {
			isa = PBXGroup;
			children = (
				144AAD98259327A800C145D5 /* NSString+Replacing.h */,
				144AAD99259327A800C145D5 /* NSString+Replacing.m */,
				144AADA12593376D00C145D5 /* NSArray+StringFunctions.h */,
				144AADA22593376D00C145D5 /* NSArray+StringFunctions.m */,
			);
			path = Category;
			sourceTree = "<group>";
		};
/* End PBXGroup section */

/* Begin PBXNativeTarget section */
		144AAD86259320A200C145D5 /* extract-api */ = {
			isa = PBXNativeTarget;
			buildConfigurationList = 144AAD8E259320A200C145D5 /* Build configuration list for PBXNativeTarget "extract-api" */;
			buildPhases = (
				144AAD83259320A200C145D5 /* Sources */,
				144AAD84259320A200C145D5 /* Frameworks */,
				144AAD85259320A200C145D5 /* CopyFiles */,
			);
			buildRules = (
			);
			dependencies = (
			);
			name = "extract-api";
			productName = "extract-api";
			productReference = 144AAD87259320A200C145D5 /* extract-api */;
			productType = "com.apple.product-type.tool";
		};
/* End PBXNativeTarget section */

/* Begin PBXProject section */
		144AAD7F259320A200C145D5 /* Project object */ = {
			isa = PBXProject;
			attributes = {
				LastUpgradeCheck = 1210;
				TargetAttributes = {
					144AAD86259320A200C145D5 = {
						CreatedOnToolsVersion = 12.1;
					};
				};
			};
			buildConfigurationList = 144AAD82259320A200C145D5 /* Build configuration list for PBXProject "extract-api" */;
			compatibilityVersion = "Xcode 9.3";
			developmentRegion = en;
			hasScannedForEncodings = 0;
			knownRegions = (
				en,
				Base,
			);
			mainGroup = 144AAD7E259320A200C145D5;
			productRefGroup = 144AAD88259320A200C145D5 /* Products */;
			projectDirPath = "";
			projectRoot = "";
			targets = (
				144AAD86259320A200C145D5 /* extract-api */,
			);
		};
/* End PBXProject section */

/* Begin PBXSourcesBuildPhase section */
		144AAD83259320A200C145D5 /* Sources */ = {
			isa = PBXSourcesBuildPhase;
			buildActionMask = 2147483647;
			files = (
				144AADA32593376D00C145D5 /* NSArray+StringFunctions.m in Sources */,
				144AAD8B259320A200C145D5 /* main.m in Sources */,
				144AAD9A259327A800C145D5 /* NSString+Replacing.m in Sources */,
				144AAD9F25932F7C00C145D5 /* Transform.m in Sources */,
				144AAD952593254300C145D5 /* ParseFile.m in Sources */,
			);
			runOnlyForDeploymentPostprocessing = 0;
		};
/* End PBXSourcesBuildPhase section */

/* Begin XCBuildConfiguration section */
		144AAD8C259320A200C145D5 /* Debug */ = {
			isa = XCBuildConfiguration;
			buildSettings = {
				ALWAYS_SEARCH_USER_PATHS = NO;
				CLANG_ANALYZER_NONNULL = YES;
				CLANG_ANALYZER_NUMBER_OBJECT_CONVERSION = YES_AGGRESSIVE;
				CLANG_CXX_LANGUAGE_STANDARD = "gnu++14";
				CLANG_CXX_LIBRARY = "libc++";
				CLANG_ENABLE_MODULES = YES;
				CLANG_ENABLE_OBJC_ARC = YES;
				CLANG_ENABLE_OBJC_WEAK = YES;
				CLANG_WARN_BLOCK_CAPTURE_AUTORELEASING = YES;
				CLANG_WARN_BOOL_CONVERSION = YES;
				CLANG_WARN_COMMA = YES;
				CLANG_WARN_CONSTANT_CONVERSION = YES;
				CLANG_WARN_DEPRECATED_OBJC_IMPLEMENTATIONS = YES;
				CLANG_WARN_DIRECT_OBJC_ISA_USAGE = YES_ERROR;
				CLANG_WARN_DOCUMENTATION_COMMENTS = YES;
				CLANG_WARN_EMPTY_BODY = YES;
				CLANG_WARN_ENUM_CONVERSION = YES;
				CLANG_WARN_INFINITE_RECURSION = YES;
				CLANG_WARN_INT_CONVERSION = YES;
				CLANG_WARN_NON_LITERAL_NULL_CONVERSION = YES;
				CLANG_WARN_OBJC_IMPLICIT_RETAIN_SELF = YES;
				CLANG_WARN_OBJC_LITERAL_CONVERSION = YES;
				CLANG_WARN_OBJC_ROOT_CLASS = YES_ERROR;
				CLANG_WARN_QUOTED_INCLUDE_IN_FRAMEWORK_HEADER = YES;
				CLANG_WARN_RANGE_LOOP_ANALYSIS = YES;
				CLANG_WARN_STRICT_PROTOTYPES = YES;
				CLANG_WARN_SUSPICIOUS_MOVE = YES;
				CLANG_WARN_UNGUARDED_AVAILABILITY = YES_AGGRESSIVE;
				CLANG_WARN_UNREACHABLE_CODE = YES;
				CLANG_WARN__DUPLICATE_METHOD_MATCH = YES;
				COPY_PHASE_STRIP = NO;
				DEBUG_INFORMATION_FORMAT = dwarf;
				ENABLE_STRICT_OBJC_MSGSEND = YES;
				ENABLE_TESTABILITY = YES;
				GCC_C_LANGUAGE_STANDARD = gnu11;
				GCC_DYNAMIC_NO_PIC = NO;
				GCC_NO_COMMON_BLOCKS = YES;
				GCC_OPTIMIZATION_LEVEL = 0;
				GCC_PREPROCESSOR_DEFINITIONS = (
					"DEBUG=1",
					"$(inherited)",
				);
				GCC_WARN_64_TO_32_BIT_CONVERSION = YES;
				GCC_WARN_ABOUT_RETURN_TYPE = YES_ERROR;
				GCC_WARN_UNDECLARED_SELECTOR = YES;
				GCC_WARN_UNINITIALIZED_AUTOS = YES_AGGRESSIVE;
				GCC_WARN_UNUSED_FUNCTION = YES;
				GCC_WARN_UNUSED_VARIABLE = YES;
				MACOSX_DEPLOYMENT_TARGET = 10.15;
				MTL_ENABLE_DEBUG_INFO = INCLUDE_SOURCE;
				MTL_FAST_MATH = YES;
				ONLY_ACTIVE_ARCH = YES;
				SDKROOT = macosx;
			};
			name = Debug;
		};
		144AAD8D259320A200C145D5 /* Release */ = {
			isa = XCBuildConfiguration;
			buildSettings = {
				ALWAYS_SEARCH_USER_PATHS = NO;
				CLANG_ANALYZER_NONNULL = YES;
				CLANG_ANALYZER_NUMBER_OBJECT_CONVERSION = YES_AGGRESSIVE;
				CLANG_CXX_LANGUAGE_STANDARD = "gnu++14";
				CLANG_CXX_LIBRARY = "libc++";
				CLANG_ENABLE_MODULES = YES;
				CLANG_ENABLE_OBJC_ARC = YES;
				CLANG_ENABLE_OBJC_WEAK = YES;
				CLANG_WARN_BLOCK_CAPTURE_AUTORELEASING = YES;
				CLANG_WARN_BOOL_CONVERSION = YES;
				CLANG_WARN_COMMA = YES;
				CLANG_WARN_CONSTANT_CONVERSION = YES;
				CLANG_WARN_DEPRECATED_OBJC_IMPLEMENTATIONS = YES;
				CLANG_WARN_DIRECT_OBJC_ISA_USAGE = YES_ERROR;
				CLANG_WARN_DOCUMENTATION_COMMENTS = YES;
				CLANG_WARN_EMPTY_BODY = YES;
				CLANG_WARN_ENUM_CONVERSION = YES;
				CLANG_WARN_INFINITE_RECURSION = YES;
				CLANG_WARN_INT_CONVERSION = YES;
				CLANG_WARN_NON_LITERAL_NULL_CONVERSION = YES;
				CLANG_WARN_OBJC_IMPLICIT_RETAIN_SELF = YES;
				CLANG_WARN_OBJC_LITERAL_CONVERSION = YES;
				CLANG_WARN_OBJC_ROOT_CLASS = YES_ERROR;
				CLANG_WARN_QUOTED_INCLUDE_IN_FRAMEWORK_HEADER = YES;
				CLANG_WARN_RANGE_LOOP_ANALYSIS = YES;
				CLANG_WARN_STRICT_PROTOTYPES = YES;
				CLANG_WARN_SUSPICIOUS_MOVE = YES;
				CLANG_WARN_UNGUARDED_AVAILABILITY = YES_AGGRESSIVE;
				CLANG_WARN_UNREACHABLE_CODE = YES;
				CLANG_WARN__DUPLICATE_METHOD_MATCH = YES;
				COPY_PHASE_STRIP = NO;
				DEBUG_INFORMATION_FORMAT = "dwarf-with-dsym";
				ENABLE_NS_ASSERTIONS = NO;
				ENABLE_STRICT_OBJC_MSGSEND = YES;
				GCC_C_LANGUAGE_STANDARD = gnu11;
				GCC_NO_COMMON_BLOCKS = YES;
				GCC_WARN_64_TO_32_BIT_CONVERSION = YES;
				GCC_WARN_ABOUT_RETURN_TYPE = YES_ERROR;
				GCC_WARN_UNDECLARED_SELECTOR = YES;
				GCC_WARN_UNINITIALIZED_AUTOS = YES_AGGRESSIVE;
				GCC_WARN_UNUSED_FUNCTION = YES;
				GCC_WARN_UNUSED_VARIABLE = YES;
				MACOSX_DEPLOYMENT_TARGET = 10.15;
				MTL_ENABLE_DEBUG_INFO = NO;
				MTL_FAST_MATH = YES;
				SDKROOT = macosx;
			};
			name = Release;
		};
		144AAD8F259320A200C145D5 /* Debug */ = {
			isa = XCBuildConfiguration;
			buildSettings = {
				CODE_SIGN_STYLE = Automatic;
				DEVELOPMENT_TEAM = 768T4SN737;
				ENABLE_HARDENED_RUNTIME = YES;
				PRODUCT_NAME = "$(TARGET_NAME)";
			};
			name = Debug;
		};
		144AAD90259320A200C145D5 /* Release */ = {
			isa = XCBuildConfiguration;
			buildSettings = {
				CODE_SIGN_STYLE = Automatic;
				DEVELOPMENT_TEAM = 768T4SN737;
				ENABLE_HARDENED_RUNTIME = YES;
				PRODUCT_NAME = "$(TARGET_NAME)";
			};
			name = Release;
		};
/* End XCBuildConfiguration section */

/* Begin XCConfigurationList section */
		144AAD82259320A200C145D5 /* Build configuration list for PBXProject "extract-api" */ = {
			isa = XCConfigurationList;
			buildConfigurations = (
				144AAD8C259320A200C145D5 /* Debug */,
				144AAD8D259320A200C145D5 /* Release */,
			);
			defaultConfigurationIsVisible = 0;
			defaultConfigurationName = Release;
		};
		144AAD8E259320A200C145D5 /* Build configuration list for PBXNativeTarget "extract-api" */ = {
			isa = XCConfigurationList;
			buildConfigurations = (
				144AAD8F259320A200C145D5 /* Debug */,
				144AAD90259320A200C145D5 /* Release */,
			);
			defaultConfigurationIsVisible = 0;
			defaultConfigurationName = Release;
		};
/* End XCConfigurationList section */
	};
	rootObject = 144AAD7F259320A200C145D5 /* Project object */;
}
